// !$*UTF8*$!
{
	archiveVersion = 1;
	classes = {
	};
	objectVersion = 46;
	objects = {

/* Begin PBXBuildFile section */
		FB552B1E1D0D62030077F46B /* Assets.xcassets in Resources */ = {isa = PBXBuildFile; fileRef = FB552B1D1D0D62030077F46B /* Assets.xcassets */; };
		FB552B2C1D0D62030077F46B /* DHHttpMangerTests.m in Sources */ = {isa = PBXBuildFile; fileRef = FB552B2B1D0D62030077F46B /* DHHttpMangerTests.m */; };
		FB552B371D0D62030077F46B /* DHHttpMangerUITests.m in Sources */ = {isa = PBXBuildFile; fileRef = FB552B361D0D62030077F46B /* DHHttpMangerUITests.m */; };
		FB7C7FC01D0D6AE600AEF988 /* DHHttpRequestManger.m in Sources */ = {isa = PBXBuildFile; fileRef = FB7C7FBF1D0D6AE600AEF988 /* DHHttpRequestManger.m */; };
/* End PBXBuildFile section */

/* Begin PBXContainerItemProxy section */
		FB552B281D0D62030077F46B /* PBXContainerItemProxy */ = {
			isa = PBXContainerItemProxy;
			containerPortal = FB552B061D0D62030077F46B /* Project object */;
			proxyType = 1;
			remoteGlobalIDString = FB552B0D1D0D62030077F46B;
			remoteInfo = DHHttpManger;
		};
		FB552B331D0D62030077F46B /* PBXContainerItemProxy */ = {
			isa = PBXContainerItemProxy;
			containerPortal = FB552B061D0D62030077F46B /* Project object */;
			proxyType = 1;
			remoteGlobalIDString = FB552B0D1D0D62030077F46B;
			remoteInfo = DHHttpManger;
		};
/* End PBXContainerItemProxy section */

/* Begin PBXFileReference section */
		FB552B0E1D0D62030077F46B /* DHHttpManger.app */ = {isa = PBXFileReference; explicitFileType = wrapper.application; includeInIndex = 0; path = DHHttpManger.app; sourceTree = BUILT_PRODUCTS_DIR; };
		FB552B1D1D0D62030077F46B /* Assets.xcassets */ = {isa = PBXFileReference; lastKnownFileType = folder.assetcatalog; path = Assets.xcassets; sourceTree = "<group>"; };
		FB552B271D0D62030077F46B /* DHHttpMangerTests.xctest */ = {isa = PBXFileReference; explicitFileType = wrapper.cfbundle; includeInIndex = 0; path = DHHttpMangerTests.xctest; sourceTree = BUILT_PRODUCTS_DIR; };
		FB552B2B1D0D62030077F46B /* DHHttpMangerTests.m */ = {isa = PBXFileReference; lastKnownFileType = sourcecode.c.objc; path = DHHttpMangerTests.m; sourceTree = "<group>"; };
		FB552B2D1D0D62030077F46B /* Info.plist */ = {isa = PBXFileReference; lastKnownFileType = text.plist.xml; path = Info.plist; sourceTree = "<group>"; };
		FB552B321D0D62030077F46B /* DHHttpMangerUITests.xctest */ = {isa = PBXFileReference; explicitFileType = wrapper.cfbundle; includeInIndex = 0; path = DHHttpMangerUITests.xctest; sourceTree = BUILT_PRODUCTS_DIR; };
		FB552B361D0D62030077F46B /* DHHttpMangerUITests.m */ = {isa = PBXFileReference; lastKnownFileType = sourcecode.c.objc; path = DHHttpMangerUITests.m; sourceTree = "<group>"; };
		FB552B381D0D62030077F46B /* Info.plist */ = {isa = PBXFileReference; lastKnownFileType = text.plist.xml; path = Info.plist; sourceTree = "<group>"; };
		FB7C7FBE1D0D6AE600AEF988 /* DHHttpRequestManger.h */ = {isa = PBXFileReference; fileEncoding = 4; lastKnownFileType = sourcecode.c.h; path = DHHttpRequestManger.h; sourceTree = "<group>"; };
		FB7C7FBF1D0D6AE600AEF988 /* DHHttpRequestManger.m */ = {isa = PBXFileReference; fileEncoding = 4; lastKnownFileType = sourcecode.c.objc; path = DHHttpRequestManger.m; sourceTree = "<group>"; };
/* End PBXFileReference section */

/* Begin PBXFrameworksBuildPhase section */
		FB552B0B1D0D62030077F46B /* Frameworks */ = {
			isa = PBXFrameworksBuildPhase;
			buildActionMask = 2147483647;
			files = (
			);
			runOnlyForDeploymentPostprocessing = 0;
		};
		FB552B241D0D62030077F46B /* Frameworks */ = {
			isa = PBXFrameworksBuildPhase;
			buildActionMask = 2147483647;
			files = (
			);
			runOnlyForDeploymentPostprocessing = 0;
		};
		FB552B2F1D0D62030077F46B /* Frameworks */ = {
			isa = PBXFrameworksBuildPhase;
			buildActionMask = 2147483647;
			files = (
			);
			runOnlyForDeploymentPostprocessing = 0;
		};
/* End PBXFrameworksBuildPhase section */

/* Begin PBXGroup section */
		FB552B051D0D62030077F46B = {
			isa = PBXGroup;
			children = (
				FB552B101D0D62030077F46B /* DHHttpManger */,
				FB552B2A1D0D62030077F46B /* DHHttpMangerTests */,
				FB552B351D0D62030077F46B /* DHHttpMangerUITests */,
				FB552B0F1D0D62030077F46B /* Products */,
			);
			sourceTree = "<group>";
		};
		FB552B0F1D0D62030077F46B /* Products */ = {
			isa = PBXGroup;
			children = (
				FB552B0E1D0D62030077F46B /* DHHttpManger.app */,
				FB552B271D0D62030077F46B /* DHHttpMangerTests.xctest */,
				FB552B321D0D62030077F46B /* DHHttpMangerUITests.xctest */,
			);
			name = Products;
			sourceTree = "<group>";
		};
		FB552B101D0D62030077F46B /* DHHttpManger */ = {
			isa = PBXGroup;
			children = (
				FB552B1D1D0D62030077F46B /* Assets.xcassets */,
				FB552B111D0D62030077F46B /* Supporting Files */,
				FB7C7FBE1D0D6AE600AEF988 /* DHHttpRequestManger.h */,
				FB7C7FBF1D0D6AE600AEF988 /* DHHttpRequestManger.m */,
			);
			path = DHHttpManger;
			sourceTree = "<group>";
		};
		FB552B111D0D62030077F46B /* Supporting Files */ = {
			isa = PBXGroup;
			children = (
			);
			name = "Supporting Files";
			sourceTree = "<group>";
		};
		FB552B2A1D0D62030077F46B /* DHHttpMangerTests */ = {
			isa = PBXGroup;
			children = (
				FB552B2B1D0D62030077F46B /* DHHttpMangerTests.m */,
				FB552B2D1D0D62030077F46B /* Info.plist */,
			);
			path = DHHttpMangerTests;
			sourceTree = "<group>";
		};
		FB552B351D0D62030077F46B /* DHHttpMangerUITests */ = {
			isa = PBXGroup;
			children = (
				FB552B361D0D62030077F46B /* DHHttpMangerUITests.m */,
				FB552B381D0D62030077F46B /* Info.plist */,
			);
			path = DHHttpMangerUITests;
			sourceTree = "<group>";
		};
/* End PBXGroup section */

/* Begin PBXNativeTarget section */
		FB552B0D1D0D62030077F46B /* DHHttpManger */ = {
			isa = PBXNativeTarget;
			buildConfigurationList = FB552B3B1D0D62030077F46B /* Build configuration list for PBXNativeTarget "DHHttpManger" */;
			buildPhases = (
				FB552B0A1D0D62030077F46B /* Sources */,
				FB552B0B1D0D62030077F46B /* Frameworks */,
				FB552B0C1D0D62030077F46B /* Resources */,
			);
			buildRules = (
			);
			dependencies = (
			);
			name = DHHttpManger;
			productName = DHHttpManger;
			productReference = FB552B0E1D0D62030077F46B /* DHHttpManger.app */;
			productType = "com.apple.product-type.application";
		};
		FB552B261D0D62030077F46B /* DHHttpMangerTests */ = {
			isa = PBXNativeTarget;
			buildConfigurationList = FB552B3E1D0D62030077F46B /* Build configuration list for PBXNativeTarget "DHHttpMangerTests" */;
			buildPhases = (
				FB552B231D0D62030077F46B /* Sources */,
				FB552B241D0D62030077F46B /* Frameworks */,
				FB552B251D0D62030077F46B /* Resources */,
			);
			buildRules = (
			);
			dependencies = (
				FB552B291D0D62030077F46B /* PBXTargetDependency */,
			);
			name = DHHttpMangerTests;
			productName = DHHttpMangerTests;
			productReference = FB552B271D0D62030077F46B /* DHHttpMangerTests.xctest */;
			productType = "com.apple.product-type.bundle.unit-test";
		};
		FB552B311D0D62030077F46B /* DHHttpMangerUITests */ = {
			isa = PBXNativeTarget;
			buildConfigurationList = FB552B411D0D62030077F46B /* Build configuration list for PBXNativeTarget "DHHttpMangerUITests" */;
			buildPhases = (
				FB552B2E1D0D62030077F46B /* Sources */,
				FB552B2F1D0D62030077F46B /* Frameworks */,
				FB552B301D0D62030077F46B /* Resources */,
			);
			buildRules = (
			);
			dependencies = (
				FB552B341D0D62030077F46B /* PBXTargetDependency */,
			);
			name = DHHttpMangerUITests;
			productName = DHHttpMangerUITests;
			productReference = FB552B321D0D62030077F46B /* DHHttpMangerUITests.xctest */;
			productType = "com.apple.product-type.bundle.ui-testing";
		};
/* End PBXNativeTarget section */

/* Begin PBXProject section */
		FB552B061D0D62030077F46B /* Project object */ = {
			isa = PBXProject;
			attributes = {
				LastUpgradeCheck = 0730;
				ORGANIZATIONNAME = "胡大海";
				TargetAttributes = {
					FB552B0D1D0D62030077F46B = {
						CreatedOnToolsVersion = 7.3;
					};
					FB552B261D0D62030077F46B = {
						CreatedOnToolsVersion = 7.3;
						TestTargetID = FB552B0D1D0D62030077F46B;
					};
					FB552B311D0D62030077F46B = {
						CreatedOnToolsVersion = 7.3;
						TestTargetID = FB552B0D1D0D62030077F46B;
					};
				};
			};
			buildConfigurationList = FB552B091D0D62030077F46B /* Build configuration list for PBXProject "DHHttpManger" */;
			compatibilityVersion = "Xcode 3.2";
			developmentRegion = English;
			hasScannedForEncodings = 0;
			knownRegions = (
				en,
				Base,
			);
			mainGroup = FB552B051D0D62030077F46B;
			productRefGroup = FB552B0F1D0D62030077F46B /* Products */;
			projectDirPath = "";
			projectRoot = "";
			targets = (
				FB552B0D1D0D62030077F46B /* DHHttpManger */,
				FB552B261D0D62030077F46B /* DHHttpMangerTests */,
				FB552B311D0D62030077F46B /* DHHttpMangerUITests */,
			);
		};
/* End PBXProject section */

/* Begin PBXResourcesBuildPhase section */
		FB552B0C1D0D62030077F46B /* Resources */ = {
			isa = PBXResourcesBuildPhase;
			buildActionMask = 2147483647;
			files = (
				FB552B1E1D0D62030077F46B /* Assets.xcassets in Resources */,
			);
			runOnlyForDeploymentPostprocessing = 0;
		};
		FB552B251D0D62030077F46B /* Resources */ = {
			isa = PBXResourcesBuildPhase;
			buildActionMask = 2147483647;
			files = (
			);
			runOnlyForDeploymentPostprocessing = 0;
		};
		FB552B301D0D62030077F46B /* Resources */ = {
			isa = PBXResourcesBuildPhase;
			buildActionMask = 2147483647;
			files = (
			);
			runOnlyForDeploymentPostprocessing = 0;
		};
/* End PBXResourcesBuildPhase section */

/* Begin PBXSourcesBuildPhase section */
		FB552B0A1D0D62030077F46B /* Sources */ = {
			isa = PBXSourcesBuildPhase;
			buildActionMask = 2147483647;
			files = (
				FB7C7FC01D0D6AE600AEF988 /* DHHttpRequestManger.m in Sources */,
			);
			runOnlyForDeploymentPostprocessing = 0;
		};
		FB552B231D0D62030077F46B /* Sources */ = {
			isa = PBXSourcesBuildPhase;
			buildActionMask = 2147483647;
			files = (
				FB552B2C1D0D62030077F46B /* DHHttpMangerTests.m in Sources */,
			);
			runOnlyForDeploymentPostprocessing = 0;
		};
		FB552B2E1D0D62030077F46B /* Sources */ = {
			isa = PBXSourcesBuildPhase;
			buildActionMask = 2147483647;
			files = (
				FB552B371D0D62030077F46B /* DHHttpMangerUITests.m in Sources */,
			);
			runOnlyForDeploymentPostprocessing = 0;
		};
/* End PBXSourcesBuildPhase section */

/* Begin PBXTargetDependency section */
		FB552B291D0D62030077F46B /* PBXTargetDependency */ = {
			isa = PBXTargetDependency;
			target = FB552B0D1D0D62030077F46B /* DHHttpManger */;
			targetProxy = FB552B281D0D62030077F46B /* PBXContainerItemProxy */;
		};
		FB552B341D0D62030077F46B /* PBXTargetDependency */ = {
			isa = PBXTargetDependency;
			target = FB552B0D1D0D62030077F46B /* DHHttpManger */;
			targetProxy = FB552B331D0D62030077F46B /* PBXContainerItemProxy */;
		};
/* End PBXTargetDependency section */

/* Begin XCBuildConfiguration section */
		FB552B391D0D62030077F46B /* Debug */ = {
			isa = XCBuildConfiguration;
			buildSettings = {
				ALWAYS_SEARCH_USER_PATHS = NO;
				CLANG_ANALYZER_NONNULL = YES;
				CLANG_CXX_LANGUAGE_STANDARD = "gnu++0x";
				CLANG_CXX_LIBRARY = "libc++";
				CLANG_ENABLE_MODULES = YES;
				CLANG_ENABLE_OBJC_ARC = YES;
				CLANG_WARN_BOOL_CONVERSION = YES;
				CLANG_WARN_CONSTANT_CONVERSION = YES;
				CLANG_WARN_DIRECT_OBJC_ISA_USAGE = YES_ERROR;
				CLANG_WARN_EMPTY_BODY = YES;
				CLANG_WARN_ENUM_CONVERSION = YES;
				CLANG_WARN_INT_CONVERSION = YES;
				CLANG_WARN_OBJC_ROOT_CLASS = YES_ERROR;
				CLANG_WARN_UNREACHABLE_CODE = YES;
				CLANG_WARN__DUPLICATE_METHOD_MATCH = YES;
				"CODE_SIGN_IDENTITY[sdk=iphoneos*]" = "iPhone Developer";
				COPY_PHASE_STRIP = NO;
				DEBUG_INFORMATION_FORMAT = dwarf;
				ENABLE_STRICT_OBJC_MSGSEND = YES;
				ENABLE_TESTABILITY = YES;
				GCC_C_LANGUAGE_STANDARD = gnu99;
				GCC_DYNAMIC_NO_PIC = NO;
				GCC_NO_COMMON_BLOCKS = YES;
				GCC_OPTIMIZATION_LEVEL = 0;
				GCC_PREPROCESSOR_DEFINITIONS = (
					"DEBUG=1",
					"$(inherited)",
				);
				GCC_WARN_64_TO_32_BIT_CONVERSION = YES;
				GCC_WARN_ABOUT_RETURN_TYPE = YES_ERROR;
				GCC_WARN_UNDECLARED_SELECTOR = YES;
				GCC_WARN_UNINITIALIZED_AUTOS = YES_AGGRESSIVE;
				GCC_WARN_UNUSED_FUNCTION = YES;
				GCC_WARN_UNUSED_VARIABLE = YES;
				IPHONEOS_DEPLOYMENT_TARGET = 9.3;
				MTL_ENABLE_DEBUG_INFO = YES;
				ONLY_ACTIVE_ARCH = YES;
				SDKROOT = iphoneos;
				TARGETED_DEVICE_FAMILY = "1,2";
			};
			name = Debug;
		};
		FB552B3A1D0D62030077F46B /* Release */ = {
			isa = XCBuildConfiguration;
			buildSettings = {
				ALWAYS_SEARCH_USER_PATHS = NO;
				CLANG_ANALYZER_NONNULL = YES;
				CLANG_CXX_LANGUAGE_STANDARD = "gnu++0x";
				CLANG_CXX_LIBRARY = "libc++";
				CLANG_ENABLE_MODULES = YES;
				CLANG_ENABLE_OBJC_ARC = YES;
				CLANG_WARN_BOOL_CONVERSION = YES;
				CLANG_WARN_CONSTANT_CONVERSION = YES;
				CLANG_WARN_DIRECT_OBJC_ISA_USAGE = YES_ERROR;
				CLANG_WARN_EMPTY_BODY = YES;
				CLANG_WARN_ENUM_CONVERSION = YES;
				CLANG_WARN_INT_CONVERSION = YES;
				CLANG_WARN_OBJC_ROOT_CLASS = YES_ERROR;
				CLANG_WARN_UNREACHABLE_CODE = YES;
				CLANG_WARN__DUPLICATE_METHOD_MATCH = YES;
				"CODE_SIGN_IDENTITY[sdk=iphoneos*]" = "iPhone Developer";
				COPY_PHASE_STRIP = NO;
				DEBUG_INFORMATION_FORMAT = "dwarf-with-dsym";
				ENABLE_NS_ASSERTIONS = NO;
				ENABLE_STRICT_OBJC_MSGSEND = YES;
				GCC_C_LANGUAGE_STANDARD = gnu99;
				GCC_NO_COMMON_BLOCKS = YES;
				GCC_WARN_64_TO_32_BIT_CONVERSION = YES;
				GCC_WARN_ABOUT_RETURN_TYPE = YES_ERROR;
				GCC_WARN_UNDECLARED_SELECTOR = YES;
				GCC_WARN_UNINITIALIZED_AUTOS = YES_AGGRESSIVE;
				GCC_WARN_UNUSED_FUNCTION = YES;
				GCC_WARN_UNUSED_VARIABLE = YES;
				IPHONEOS_DEPLOYMENT_TARGET = 9.3;
				MTL_ENABLE_DEBUG_INFO = NO;
				SDKROOT = iphoneos;
				TARGETED_DEVICE_FAMILY = "1,2";
				VALIDATE_PRODUCT = YES;
			};
			name = Release;
		};
		FB552B3C1D0D62030077F46B /* Debug */ = {
			isa = XCBuildConfiguration;
			buildSettings = {
				ASSETCATALOG_COMPILER_APPICON_NAME = AppIcon;
				INFOPLIST_FILE = DHHttpManger/Info.plist;
				LD_RUNPATH_SEARCH_PATHS = "$(inherited) @executable_path/Frameworks";
				PRODUCT_BUNDLE_IDENTIFIER = com.fenggr.com.DHHttpManger;
				PRODUCT_NAME = "$(TARGET_NAME)";
			};
			name = Debug;
		};
		FB552B3D1D0D62030077F46B /* Release */ = {
			isa = XCBuildConfiguration;
			buildSettings = {
				ASSETCATALOG_COMPILER_APPICON_NAME = AppIcon;
				INFOPLIST_FILE = DHHttpManger/Info.plist;
				LD_RUNPATH_SEARCH_PATHS = "$(inherited) @executable_path/Frameworks";
				PRODUCT_BUNDLE_IDENTIFIER = com.fenggr.com.DHHttpManger;
				PRODUCT_NAME = "$(TARGET_NAME)";
			};
			name = Release;
		};
		FB552B3F1D0D62030077F46B /* Debug */ = {
			isa = XCBuildConfiguration;
			buildSettings = {
				BUNDLE_LOADER = "$(TEST_HOST)";
				INFOPLIST_FILE = DHHttpMangerTests/Info.plist;
				LD_RUNPATH_SEARCH_PATHS = "$(inherited) @executable_path/Frameworks @loader_path/Frameworks";
				PRODUCT_BUNDLE_IDENTIFIER = com.fenggr.com.DHHttpMangerTests;
				PRODUCT_NAME = "$(TARGET_NAME)";
				TEST_HOST = "$(BUILT_PRODUCTS_DIR)/DHHttpManger.app/DHHttpManger";
			};
			name = Debug;
		};
		FB552B401D0D62030077F46B /* Release */ = {
			isa = XCBuildConfiguration;
			buildSettings = {
				BUNDLE_LOADER = "$(TEST_HOST)";
				INFOPLIST_FILE = DHHttpMangerTests/Info.plist;
				LD_RUNPATH_SEARCH_PATHS = "$(inherited) @executable_path/Frameworks @loader_path/Frameworks";
				PRODUCT_BUNDLE_IDENTIFIER = com.fenggr.com.DHHttpMangerTests;
				PRODUCT_NAME = "$(TARGET_NAME)";
				TEST_HOST = "$(BUILT_PRODUCTS_DIR)/DHHttpManger.app/DHHttpManger";
			};
			name = Release;
		};
		FB552B421D0D62030077F46B /* Debug */ = {
			isa = XCBuildConfiguration;
			buildSettings = {
				INFOPLIST_FILE = DHHttpMangerUITests/Info.plist;
				LD_RUNPATH_SEARCH_PATHS = "$(inherited) @executable_path/Frameworks @loader_path/Frameworks";
				PRODUCT_BUNDLE_IDENTIFIER = com.fenggr.com.DHHttpMangerUITests;
				PRODUCT_NAME = "$(TARGET_NAME)";
				TEST_TARGET_NAME = DHHttpManger;
			};
			name = Debug;
		};
		FB552B431D0D62030077F46B /* Release */ = {
			isa = XCBuildConfiguration;
			buildSettings = {
				INFOPLIST_FILE = DHHttpMangerUITests/Info.plist;
				LD_RUNPATH_SEARCH_PATHS = "$(inherited) @executable_path/Frameworks @loader_path/Frameworks";
				PRODUCT_BUNDLE_IDENTIFIER = com.fenggr.com.DHHttpMangerUITests;
				PRODUCT_NAME = "$(TARGET_NAME)";
				TEST_TARGET_NAME = DHHttpManger;
			};
			name = Release;
		};
/* End XCBuildConfiguration section */

/* Begin XCConfigurationList section */
		FB552B091D0D62030077F46B /* Build configuration list for PBXProject "DHHttpManger" */ = {
			isa = XCConfigurationList;
			buildConfigurations = (
				FB552B391D0D62030077F46B /* Debug */,
				FB552B3A1D0D62030077F46B /* Release */,
			);
			defaultConfigurationIsVisible = 0;
			defaultConfigurationName = Release;
		};
		FB552B3B1D0D62030077F46B /* Build configuration list for PBXNativeTarget "DHHttpManger" */ = {
			isa = XCConfigurationList;
			buildConfigurations = (
				FB552B3C1D0D62030077F46B /* Debug */,
				FB552B3D1D0D62030077F46B /* Release */,
			);
			defaultConfigurationIsVisible = 0;
			defaultConfigurationName = Release;
		};
		FB552B3E1D0D62030077F46B /* Build configuration list for PBXNativeTarget "DHHttpMangerTests" */ = {
			isa = XCConfigurationList;
			buildConfigurations = (
				FB552B3F1D0D62030077F46B /* Debug */,
				FB552B401D0D62030077F46B /* Release */,
			);
			defaultConfigurationIsVisible = 0;
			defaultConfigurationName = Release;
		};
		FB552B411D0D62030077F46B /* Build configuration list for PBXNativeTarget "DHHttpMangerUITests" */ = {
			isa = XCConfigurationList;
			buildConfigurations = (
				FB552B421D0D62030077F46B /* Debug */,
				FB552B431D0D62030077F46B /* Release */,
			);
			defaultConfigurationIsVisible = 0;
			defaultConfigurationName = Release;
		};
/* End XCConfigurationList section */
	};
	rootObject = FB552B061D0D62030077F46B /* Project object */;
}
